// !$*UTF8*$!
{
	archiveVersion = 1;
	classes = {
	};
	objectVersion = 46;
	objects = {

/* Begin PBXBuildFile section */
		D9AF15C5195333A500276EFD /* Foundation.framework in Frameworks */ = {isa = PBXBuildFile; fileRef = D9AF15C4195333A500276EFD /* Foundation.framework */; };
		D9AF15C7195333A500276EFD /* CoreGraphics.framework in Frameworks */ = {isa = PBXBuildFile; fileRef = D9AF15C6195333A500276EFD /* CoreGraphics.framework */; };
		D9AF15C9195333A500276EFD /* UIKit.framework in Frameworks */ = {isa = PBXBuildFile; fileRef = D9AF15C8195333A500276EFD /* UIKit.framework */; };
		D9AF15CF195333A500276EFD /* InfoPlist.strings in Resources */ = {isa = PBXBuildFile; fileRef = D9AF15CD195333A500276EFD /* InfoPlist.strings */; };
		D9AF15D1195333A500276EFD /* main.m in Sources */ = {isa = PBXBuildFile; fileRef = D9AF15D0195333A500276EFD /* main.m */; };
		D9AF15D5195333A500276EFD /* SDAppDelegate.m in Sources */ = {isa = PBXBuildFile; fileRef = D9AF15D4195333A500276EFD /* SDAppDelegate.m */; };
		D9AF15D8195333A500276EFD /* Main_iPhone.storyboard in Resources */ = {isa = PBXBuildFile; fileRef = D9AF15D6195333A500276EFD /* Main_iPhone.storyboard */; };
		D9AF15DB195333A500276EFD /* Main_iPad.storyboard in Resources */ = {isa = PBXBuildFile; fileRef = D9AF15D9195333A500276EFD /* Main_iPad.storyboard */; };
		D9AF15DE195333A500276EFD /* SDViewController.m in Sources */ = {isa = PBXBuildFile; fileRef = D9AF15DD195333A500276EFD /* SDViewController.m */; };
		D9AF15E0195333A500276EFD /* Images.xcassets in Resources */ = {isa = PBXBuildFile; fileRef = D9AF15DF195333A500276EFD /* Images.xcassets */; };
		D9AF15E7195333A500276EFD /* XCTest.framework in Frameworks */ = {isa = PBXBuildFile; fileRef = D9AF15E6195333A500276EFD /* XCTest.framework */; };
		D9AF15E8195333A500276EFD /* Foundation.framework in Frameworks */ = {isa = PBXBuildFile; fileRef = D9AF15C4195333A500276EFD /* Foundation.framework */; };
		D9AF15E9195333A500276EFD /* UIKit.framework in Frameworks */ = {isa = PBXBuildFile; fileRef = D9AF15C8195333A500276EFD /* UIKit.framework */; };
		D9AF15F1195333A600276EFD /* InfoPlist.strings in Resources */ = {isa = PBXBuildFile; fileRef = D9AF15EF195333A600276EFD /* InfoPlist.strings */; };
		D9AF15F3195333A600276EFD /* FieldValidatorTests.m in Sources */ = {isa = PBXBuildFile; fileRef = D9AF15F2195333A600276EFD /* FieldValidatorTests.m */; };
/* End PBXBuildFile section */

/* Begin PBXContainerItemProxy section */
		D9AF15EA195333A500276EFD /* PBXContainerItemProxy */ = {
			isa = PBXContainerItemProxy;
			containerPortal = D9AF15B9195333A500276EFD /* Project object */;
			proxyType = 1;
			remoteGlobalIDString = D9AF15C0195333A500276EFD;
			remoteInfo = FieldValidator;
		};
/* End PBXContainerItemProxy section */

/* Begin PBXFileReference section */
		D9AF15C1195333A500276EFD /* FieldValidator.app */ = {isa = PBXFileReference; explicitFileType = wrapper.application; includeInIndex = 0; path = FieldValidator.app; sourceTree = BUILT_PRODUCTS_DIR; };
		D9AF15C4195333A500276EFD /* Foundation.framework */ = {isa = PBXFileReference; lastKnownFileType = wrapper.framework; name = Foundation.framework; path = System/Library/Frameworks/Foundation.framework; sourceTree = SDKROOT; };
		D9AF15C6195333A500276EFD /* CoreGraphics.framework */ = {isa = PBXFileReference; lastKnownFileType = wrapper.framework; name = CoreGraphics.framework; path = System/Library/Frameworks/CoreGraphics.framework; sourceTree = SDKROOT; };
		D9AF15C8195333A500276EFD /* UIKit.framework */ = {isa = PBXFileReference; lastKnownFileType = wrapper.framework; name = UIKit.framework; path = System/Library/Frameworks/UIKit.framework; sourceTree = SDKROOT; };
		D9AF15CC195333A500276EFD /* FieldValidator-Info.plist */ = {isa = PBXFileReference; lastKnownFileType = text.plist.xml; path = "FieldValidator-Info.plist"; sourceTree = "<group>"; };
		D9AF15CE195333A500276EFD /* en */ = {isa = PBXFileReference; lastKnownFileType = text.plist.strings; name = en; path = en.lproj/InfoPlist.strings; sourceTree = "<group>"; };
		D9AF15D0195333A500276EFD /* main.m */ = {isa = PBXFileReference; lastKnownFileType = sourcecode.c.objc; path = main.m; sourceTree = "<group>"; };
		D9AF15D2195333A500276EFD /* FieldValidator-Prefix.pch */ = {isa = PBXFileReference; lastKnownFileType = sourcecode.c.h; path = "FieldValidator-Prefix.pch"; sourceTree = "<group>"; };
		D9AF15D3195333A500276EFD /* SDAppDelegate.h */ = {isa = PBXFileReference; lastKnownFileType = sourcecode.c.h; path = SDAppDelegate.h; sourceTree = "<group>"; };
		D9AF15D4195333A500276EFD /* SDAppDelegate.m */ = {isa = PBXFileReference; lastKnownFileType = sourcecode.c.objc; path = SDAppDelegate.m; sourceTree = "<group>"; };
		D9AF15D7195333A500276EFD /* Base */ = {isa = PBXFileReference; lastKnownFileType = file.storyboard; name = Base; path = Base.lproj/Main_iPhone.storyboard; sourceTree = "<group>"; };
		D9AF15DA195333A500276EFD /* Base */ = {isa = PBXFileReference; lastKnownFileType = file.storyboard; name = Base; path = Base.lproj/Main_iPad.storyboard; sourceTree = "<group>"; };
		D9AF15DC195333A500276EFD /* SDViewController.h */ = {isa = PBXFileReference; lastKnownFileType = sourcecode.c.h; path = SDViewController.h; sourceTree = "<group>"; };
		D9AF15DD195333A500276EFD /* SDViewController.m */ = {isa = PBXFileReference; lastKnownFileType = sourcecode.c.objc; path = SDViewController.m; sourceTree = "<group>"; };
		D9AF15DF195333A500276EFD /* Images.xcassets */ = {isa = PBXFileReference; lastKnownFileType = folder.assetcatalog; path = Images.xcassets; sourceTree = "<group>"; };
		D9AF15E5195333A500276EFD /* FieldValidatorTests.xctest */ = {isa = PBXFileReference; explicitFileType = wrapper.cfbundle; includeInIndex = 0; path = FieldValidatorTests.xctest; sourceTree = BUILT_PRODUCTS_DIR; };
		D9AF15E6195333A500276EFD /* XCTest.framework */ = {isa = PBXFileReference; lastKnownFileType = wrapper.framework; name = XCTest.framework; path = Library/Frameworks/XCTest.framework; sourceTree = DEVELOPER_DIR; };
		D9AF15EE195333A600276EFD /* FieldValidatorTests-Info.plist */ = {isa = PBXFileReference; lastKnownFileType = text.plist.xml; path = "FieldValidatorTests-Info.plist"; sourceTree = "<group>"; };
		D9AF15F0195333A600276EFD /* en */ = {isa = PBXFileReference; lastKnownFileType = text.plist.strings; name = en; path = en.lproj/InfoPlist.strings; sourceTree = "<group>"; };
		D9AF15F2195333A600276EFD /* FieldValidatorTests.m */ = {isa = PBXFileReference; lastKnownFileType = sourcecode.c.objc; path = FieldValidatorTests.m; sourceTree = "<group>"; };
/* End PBXFileReference section */

/* Begin PBXFrameworksBuildPhase section */
		D9AF15BE195333A500276EFD /* Frameworks */ = {
			isa = PBXFrameworksBuildPhase;
			buildActionMask = 2147483647;
			files = (
				D9AF15C7195333A500276EFD /* CoreGraphics.framework in Frameworks */,
				D9AF15C9195333A500276EFD /* UIKit.framework in Frameworks */,
				D9AF15C5195333A500276EFD /* Foundation.framework in Frameworks */,
			);
			runOnlyForDeploymentPostprocessing = 0;
		};
		D9AF15E2195333A500276EFD /* Frameworks */ = {
			isa = PBXFrameworksBuildPhase;
			buildActionMask = 2147483647;
			files = (
				D9AF15E7195333A500276EFD /* XCTest.framework in Frameworks */,
				D9AF15E9195333A500276EFD /* UIKit.framework in Frameworks */,
				D9AF15E8195333A500276EFD /* Foundation.framework in Frameworks */,
			);
			runOnlyForDeploymentPostprocessing = 0;
		};
/* End PBXFrameworksBuildPhase section */

/* Begin PBXGroup section */
		D9AF15B8195333A500276EFD = {
			isa = PBXGroup;
			children = (
				D9AF15CA195333A500276EFD /* FieldValidator */,
				D9AF15EC195333A500276EFD /* FieldValidatorTests */,
				D9AF15C3195333A500276EFD /* Frameworks */,
				D9AF15C2195333A500276EFD /* Products */,
			);
			sourceTree = "<group>";
		};
		D9AF15C2195333A500276EFD /* Products */ = {
			isa = PBXGroup;
			children = (
				D9AF15C1195333A500276EFD /* FieldValidator.app */,
				D9AF15E5195333A500276EFD /* FieldValidatorTests.xctest */,
			);
			name = Products;
			sourceTree = "<group>";
		};
		D9AF15C3195333A500276EFD /* Frameworks */ = {
			isa = PBXGroup;
			children = (
				D9AF15C4195333A500276EFD /* Foundation.framework */,
				D9AF15C6195333A500276EFD /* CoreGraphics.framework */,
				D9AF15C8195333A500276EFD /* UIKit.framework */,
				D9AF15E6195333A500276EFD /* XCTest.framework */,
			);
			name = Frameworks;
			sourceTree = "<group>";
		};
		D9AF15CA195333A500276EFD /* FieldValidator */ = {
			isa = PBXGroup;
			children = (
				D9AF15D3195333A500276EFD /* SDAppDelegate.h */,
				D9AF15D4195333A500276EFD /* SDAppDelegate.m */,
				D9AF15D6195333A500276EFD /* Main_iPhone.storyboard */,
				D9AF15D9195333A500276EFD /* Main_iPad.storyboard */,
				D9AF15DC195333A500276EFD /* SDViewController.h */,
				D9AF15DD195333A500276EFD /* SDViewController.m */,
				D9AF15DF195333A500276EFD /* Images.xcassets */,
				D9AF15CB195333A500276EFD /* Supporting Files */,
			);
			path = FieldValidator;
			sourceTree = "<group>";
		};
		D9AF15CB195333A500276EFD /* Supporting Files */ = {
			isa = PBXGroup;
			children = (
				D9AF15CC195333A500276EFD /* FieldValidator-Info.plist */,
				D9AF15CD195333A500276EFD /* InfoPlist.strings */,
				D9AF15D0195333A500276EFD /* main.m */,
				D9AF15D2195333A500276EFD /* FieldValidator-Prefix.pch */,
			);
			name = "Supporting Files";
			sourceTree = "<group>";
		};
		D9AF15EC195333A500276EFD /* FieldValidatorTests */ = {
			isa = PBXGroup;
			children = (
				D9AF15F2195333A600276EFD /* FieldValidatorTests.m */,
				D9AF15ED195333A600276EFD /* Supporting Files */,
			);
			path = FieldValidatorTests;
			sourceTree = "<group>";
		};
		D9AF15ED195333A600276EFD /* Supporting Files */ = {
			isa = PBXGroup;
			children = (
				D9AF15EE195333A600276EFD /* FieldValidatorTests-Info.plist */,
				D9AF15EF195333A600276EFD /* InfoPlist.strings */,
			);
			name = "Supporting Files";
			sourceTree = "<group>";
		};
/* End PBXGroup section */

/* Begin PBXNativeTarget section */
		D9AF15C0195333A500276EFD /* FieldValidator */ = {
			isa = PBXNativeTarget;
			buildConfigurationList = D9AF15F6195333A600276EFD /* Build configuration list for PBXNativeTarget "FieldValidator" */;
			buildPhases = (
				D9AF15BD195333A500276EFD /* Sources */,
				D9AF15BE195333A500276EFD /* Frameworks */,
				D9AF15BF195333A500276EFD /* Resources */,
			);
			buildRules = (
			);
			dependencies = (
			);
			name = FieldValidator;
			productName = FieldValidator;
			productReference = D9AF15C1195333A500276EFD /* FieldValidator.app */;
			productType = "com.apple.product-type.application";
		};
		D9AF15E4195333A500276EFD /* FieldValidatorTests */ = {
			isa = PBXNativeTarget;
			buildConfigurationList = D9AF15F9195333A600276EFD /* Build configuration list for PBXNativeTarget "FieldValidatorTests" */;
			buildPhases = (
				D9AF15E1195333A500276EFD /* Sources */,
				D9AF15E2195333A500276EFD /* Frameworks */,
				D9AF15E3195333A500276EFD /* Resources */,
			);
			buildRules = (
			);
			dependencies = (
				D9AF15EB195333A500276EFD /* PBXTargetDependency */,
			);
			name = FieldValidatorTests;
			productName = FieldValidatorTests;
			productReference = D9AF15E5195333A500276EFD /* FieldValidatorTests.xctest */;
			productType = "com.apple.product-type.bundle.unit-test";
		};
/* End PBXNativeTarget section */

/* Begin PBXProject section */
		D9AF15B9195333A500276EFD /* Project object */ = {
			isa = PBXProject;
			attributes = {
				CLASSPREFIX = SD;
				LastUpgradeCheck = 0500;
				ORGANIZATIONNAME = "Mladen Despotovic";
				TargetAttributes = {
					D9AF15E4195333A500276EFD = {
						TestTargetID = D9AF15C0195333A500276EFD;
					};
				};
			};
			buildConfigurationList = D9AF15BC195333A500276EFD /* Build configuration list for PBXProject "FieldValidator" */;
			compatibilityVersion = "Xcode 3.2";
			developmentRegion = English;
			hasScannedForEncodings = 0;
			knownRegions = (
				en,
				Base,
			);
			mainGroup = D9AF15B8195333A500276EFD;
			productRefGroup = D9AF15C2195333A500276EFD /* Products */;
			projectDirPath = "";
			projectRoot = "";
			targets = (
				D9AF15C0195333A500276EFD /* FieldValidator */,
				D9AF15E4195333A500276EFD /* FieldValidatorTests */,
			);
		};
/* End PBXProject section */

/* Begin PBXResourcesBuildPhase section */
		D9AF15BF195333A500276EFD /* Resources */ = {
			isa = PBXResourcesBuildPhase;
			buildActionMask = 2147483647;
			files = (
				D9AF15DB195333A500276EFD /* Main_iPad.storyboard in Resources */,
				D9AF15E0195333A500276EFD /* Images.xcassets in Resources */,
				D9AF15D8195333A500276EFD /* Main_iPhone.storyboard in Resources */,
				D9AF15CF195333A500276EFD /* InfoPlist.strings in Resources */,
			);
			runOnlyForDeploymentPostprocessing = 0;
		};
		D9AF15E3195333A500276EFD /* Resources */ = {
			isa = PBXResourcesBuildPhase;
			buildActionMask = 2147483647;
			files = (
				D9AF15F1195333A600276EFD /* InfoPlist.strings in Resources */,
			);
			runOnlyForDeploymentPostprocessing = 0;
		};
/* End PBXResourcesBuildPhase section */

/* Begin PBXSourcesBuildPhase section */
		D9AF15BD195333A500276EFD /* Sources */ = {
			isa = PBXSourcesBuildPhase;
			buildActionMask = 2147483647;
			files = (
				D9AF15D1195333A500276EFD /* main.m in Sources */,
				D9AF15DE195333A500276EFD /* SDViewController.m in Sources */,
				D9AF15D5195333A500276EFD /* SDAppDelegate.m in Sources */,
			);
			runOnlyForDeploymentPostprocessing = 0;
		};
		D9AF15E1195333A500276EFD /* Sources */ = {
			isa = PBXSourcesBuildPhase;
			buildActionMask = 2147483647;
			files = (
				D9AF15F3195333A600276EFD /* FieldValidatorTests.m in Sources */,
			);
			runOnlyForDeploymentPostprocessing = 0;
		};
/* End PBXSourcesBuildPhase section */

/* Begin PBXTargetDependency section */
		D9AF15EB195333A500276EFD /* PBXTargetDependency */ = {
			isa = PBXTargetDependency;
			target = D9AF15C0195333A500276EFD /* FieldValidator */;
			targetProxy = D9AF15EA195333A500276EFD /* PBXContainerItemProxy */;
		};
/* End PBXTargetDependency section */

/* Begin PBXVariantGroup section */
		D9AF15CD195333A500276EFD /* InfoPlist.strings */ = {
			isa = PBXVariantGroup;
			children = (
				D9AF15CE195333A500276EFD /* en */,
			);
			name = InfoPlist.strings;
			sourceTree = "<group>";
		};
		D9AF15D6195333A500276EFD /* Main_iPhone.storyboard */ = {
			isa = PBXVariantGroup;
			children = (
				D9AF15D7195333A500276EFD /* Base */,
			);
			name = Main_iPhone.storyboard;
			sourceTree = "<group>";
		};
		D9AF15D9195333A500276EFD /* Main_iPad.storyboard */ = {
			isa = PBXVariantGroup;
			children = (
				D9AF15DA195333A500276EFD /* Base */,
			);
			name = Main_iPad.storyboard;
			sourceTree = "<group>";
		};
		D9AF15EF195333A600276EFD /* InfoPlist.strings */ = {
			isa = PBXVariantGroup;
			children = (
				D9AF15F0195333A600276EFD /* en */,
			);
			name = InfoPlist.strings;
			sourceTree = "<group>";
		};
/* End PBXVariantGroup section */

/* Begin XCBuildConfiguration section */
		D9AF15F4195333A600276EFD /* Debug */ = {
			isa = XCBuildConfiguration;
			buildSettings = {
				ALWAYS_SEARCH_USER_PATHS = NO;
				ARCHS = "$(ARCHS_STANDARD_INCLUDING_64_BIT)";
				CLANG_CXX_LANGUAGE_STANDARD = "gnu++0x";
				CLANG_CXX_LIBRARY = "libc++";
				CLANG_ENABLE_MODULES = YES;
				CLANG_ENABLE_OBJC_ARC = YES;
				CLANG_WARN_BOOL_CONVERSION = YES;
				CLANG_WARN_CONSTANT_CONVERSION = YES;
				CLANG_WARN_DIRECT_OBJC_ISA_USAGE = YES_ERROR;
				CLANG_WARN_EMPTY_BODY = YES;
				CLANG_WARN_ENUM_CONVERSION = YES;
				CLANG_WARN_INT_CONVERSION = YES;
				CLANG_WARN_OBJC_ROOT_CLASS = YES_ERROR;
				CLANG_WARN__DUPLICATE_METHOD_MATCH = YES;
				"CODE_SIGN_IDENTITY[sdk=iphoneos*]" = "iPhone Developer";
				COPY_PHASE_STRIP = NO;
				GCC_C_LANGUAGE_STANDARD = gnu99;
				GCC_DYNAMIC_NO_PIC = NO;
				GCC_OPTIMIZATION_LEVEL = 0;
				GCC_PREPROCESSOR_DEFINITIONS = (
					"DEBUG=1",
					"$(inherited)",
				);
				GCC_SYMBOLS_PRIVATE_EXTERN = NO;
				GCC_WARN_64_TO_32_BIT_CONVERSION = YES;
				GCC_WARN_ABOUT_RETURN_TYPE = YES_ERROR;
				GCC_WARN_UNDECLARED_SELECTOR = YES;
				GCC_WARN_UNINITIALIZED_AUTOS = YES;
				GCC_WARN_UNUSED_FUNCTION = YES;
				GCC_WARN_UNUSED_VARIABLE = YES;
				IPHONEOS_DEPLOYMENT_TARGET = 7.0;
				ONLY_ACTIVE_ARCH = YES;
				SDKROOT = iphoneos;
				TARGETED_DEVICE_FAMILY = "1,2";
			};
			name = Debug;
		};
		D9AF15F5195333A600276EFD /* Release */ = {
			isa = XCBuildConfiguration;
			buildSettings = {
				ALWAYS_SEARCH_USER_PATHS = NO;
				ARCHS = "$(ARCHS_STANDARD_INCLUDING_64_BIT)";
				CLANG_CXX_LANGUAGE_STANDARD = "gnu++0x";
				CLANG_CXX_LIBRARY = "libc++";
				CLANG_ENABLE_MODULES = YES;
				CLANG_ENABLE_OBJC_ARC = YES;
				CLANG_WARN_BOOL_CONVERSION = YES;
				CLANG_WARN_CONSTANT_CONVERSION = YES;
				CLANG_WARN_DIRECT_OBJC_ISA_USAGE = YES_ERROR;
				CLANG_WARN_EMPTY_BODY = YES;
				CLANG_WARN_ENUM_CONVERSION = YES;
				CLANG_WARN_INT_CONVERSION = YES;
				CLANG_WARN_OBJC_ROOT_CLASS = YES_ERROR;
				CLANG_WARN__DUPLICATE_METHOD_MATCH = YES;
				"CODE_SIGN_IDENTITY[sdk=iphoneos*]" = "iPhone Developer";
				COPY_PHASE_STRIP = YES;
				ENABLE_NS_ASSERTIONS = NO;
				GCC_C_LANGUAGE_STANDARD = gnu99;
				GCC_WARN_64_TO_32_BIT_CONVERSION = YES;
				GCC_WARN_ABOUT_RETURN_TYPE = YES_ERROR;
				GCC_WARN_UNDECLARED_SELECTOR = YES;
				GCC_WARN_UNINITIALIZED_AUTOS = YES;
				GCC_WARN_UNUSED_FUNCTION = YES;
				GCC_WARN_UNUSED_VARIABLE = YES;
				IPHONEOS_DEPLOYMENT_TARGET = 7.0;
				SDKROOT = iphoneos;
				TARGETED_DEVICE_FAMILY = "1,2";
				VALIDATE_PRODUCT = YES;
			};
			name = Release;
		};
		D9AF15F7195333A600276EFD /* Debug */ = {
			isa = XCBuildConfiguration;
			buildSettings = {
				ASSETCATALOG_COMPILER_APPICON_NAME = AppIcon;
				ASSETCATALOG_COMPILER_LAUNCHIMAGE_NAME = LaunchImage;
				GCC_PRECOMPILE_PREFIX_HEADER = YES;
				GCC_PREFIX_HEADER = "FieldValidator/FieldValidator-Prefix.pch";
				INFOPLIST_FILE = "FieldValidator/FieldValidator-Info.plist";
				PRODUCT_NAME = "$(TARGET_NAME)";
				WRAPPER_EXTENSION = app;
			};
			name = Debug;
		};
		D9AF15F8195333A600276EFD /* Release */ = {
			isa = XCBuildConfiguration;
			buildSettings = {
				ASSETCATALOG_COMPILER_APPICON_NAME = AppIcon;
				ASSETCATALOG_COMPILER_LAUNCHIMAGE_NAME = LaunchImage;
				GCC_PRECOMPILE_PREFIX_HEADER = YES;
				GCC_PREFIX_HEADER = "FieldValidator/FieldValidator-Prefix.pch";
				INFOPLIST_FILE = "FieldValidator/FieldValidator-Info.plist";
				PRODUCT_NAME = "$(TARGET_NAME)";
				WRAPPER_EXTENSION = app;
			};
			name = Release;
		};
		D9AF15FA195333A600276EFD /* Debug */ = {
			isa = XCBuildConfiguration;
			buildSettings = {
				ARCHS = "$(ARCHS_STANDARD_INCLUDING_64_BIT)";
				BUNDLE_LOADER = "$(BUILT_PRODUCTS_DIR)/FieldValidator.app/FieldValidator";
				FRAMEWORK_SEARCH_PATHS = (
					"$(SDKROOT)/Developer/Library/Frameworks",
					"$(inherited)",
					"$(DEVELOPER_FRAMEWORKS_DIR)",
				);
				GCC_PRECOMPILE_PREFIX_HEADER = YES;
				GCC_PREFIX_HEADER = "FieldValidator/FieldValidator-Prefix.pch";
				GCC_PREPROCESSOR_DEFINITIONS = (
					"DEBUG=1",
					"$(inherited)",
				);
				INFOPLIST_FILE = "FieldValidatorTests/FieldValidatorTests-Info.plist";
				PRODUCT_NAME = "$(TARGET_NAME)";
				TEST_HOST = "$(BUNDLE_LOADER)";
				WRAPPER_EXTENSION = xctest;
			};
			name = Debug;
		};
		D9AF15FB195333A600276EFD /* Release */ = {
			isa = XCBuildConfiguration;
			buildSettings = {
				ARCHS = "$(ARCHS_STANDARD_INCLUDING_64_BIT)";
				BUNDLE_LOADER = "$(BUILT_PRODUCTS_DIR)/FieldValidator.app/FieldValidator";
				FRAMEWORK_SEARCH_PATHS = (
					"$(SDKROOT)/Developer/Library/Frameworks",
					"$(inherited)",
					"$(DEVELOPER_FRAMEWORKS_DIR)",
				);
				GCC_PRECOMPILE_PREFIX_HEADER = YES;
				GCC_PREFIX_HEADER = "FieldValidator/FieldValidator-Prefix.pch";
				INFOPLIST_FILE = "FieldValidatorTests/FieldValidatorTests-Info.plist";
				PRODUCT_NAME = "$(TARGET_NAME)";
				TEST_HOST = "$(BUNDLE_LOADER)";
				WRAPPER_EXTENSION = xctest;
			};
			name = Release;
		};
/* End XCBuildConfiguration section */

/* Begin XCConfigurationList section */
		D9AF15BC195333A500276EFD /* Build configuration list for PBXProject "FieldValidator" */ = {
			isa = XCConfigurationList;
			buildConfigurations = (
				D9AF15F4195333A600276EFD /* Debug */,
				D9AF15F5195333A600276EFD /* Release */,
			);
			defaultConfigurationIsVisible = 0;
			defaultConfigurationName = Release;
		};
		D9AF15F6195333A600276EFD /* Build configuration list for PBXNativeTarget "FieldValidator" */ = {
			isa = XCConfigurationList;
			buildConfigurations = (
				D9AF15F7195333A600276EFD /* Debug */,
				D9AF15F8195333A600276EFD /* Release */,
			);
			defaultConfigurationIsVisible = 0;
		};
		D9AF15F9195333A600276EFD /* Build configuration list for PBXNativeTarget "FieldValidatorTests" */ = {
			isa = XCConfigurationList;
			buildConfigurations = (
				D9AF15FA195333A600276EFD /* Debug */,
				D9AF15FB195333A600276EFD /* Release */,
			);
			defaultConfigurationIsVisible = 0;
		};
/* End XCConfigurationList section */
	};
	rootObject = D9AF15B9195333A500276EFD /* Project object */;
}
